// !$*UTF8*$!
{
	archiveVersion = 1;
	classes = {
	};
	objectVersion = 46;
	objects = {

/* Begin PBXBuildFile section */
		9D2A26351E4337A100EC9838 /* haarcascade_eye.xml in Resources */ = {isa = PBXBuildFile; fileRef = 9D2A26241E4337A100EC9838 /* haarcascade_eye.xml */; };
		9D2A26361E4337A100EC9838 /* haarcascade_eye_tree_eyeglasses.xml in Resources */ = {isa = PBXBuildFile; fileRef = 9D2A26251E4337A100EC9838 /* haarcascade_eye_tree_eyeglasses.xml */; };
		9D2A26371E4337A100EC9838 /* haarcascade_frontalcatface.xml in Resources */ = {isa = PBXBuildFile; fileRef = 9D2A26261E4337A100EC9838 /* haarcascade_frontalcatface.xml */; };
		9D2A26381E4337A100EC9838 /* haarcascade_frontalcatface_extended.xml in Resources */ = {isa = PBXBuildFile; fileRef = 9D2A26271E4337A100EC9838 /* haarcascade_frontalcatface_extended.xml */; };
		9D2A26391E4337A100EC9838 /* haarcascade_frontalface_alt.xml in Resources */ = {isa = PBXBuildFile; fileRef = 9D2A26281E4337A100EC9838 /* haarcascade_frontalface_alt.xml */; };
		9D2A263A1E4337A100EC9838 /* haarcascade_frontalface_alt2.xml in Resources */ = {isa = PBXBuildFile; fileRef = 9D2A26291E4337A100EC9838 /* haarcascade_frontalface_alt2.xml */; };
		9D2A263B1E4337A100EC9838 /* haarcascade_frontalface_alt_tree.xml in Resources */ = {isa = PBXBuildFile; fileRef = 9D2A262A1E4337A100EC9838 /* haarcascade_frontalface_alt_tree.xml */; };
		9D2A263C1E4337A100EC9838 /* haarcascade_frontalface_default.xml in Resources */ = {isa = PBXBuildFile; fileRef = 9D2A262B1E4337A100EC9838 /* haarcascade_frontalface_default.xml */; };
		9D2A263D1E4337A100EC9838 /* haarcascade_fullbody.xml in Resources */ = {isa = PBXBuildFile; fileRef = 9D2A262C1E4337A100EC9838 /* haarcascade_fullbody.xml */; };
		9D2A263E1E4337A100EC9838 /* haarcascade_lefteye_2splits.xml in Resources */ = {isa = PBXBuildFile; fileRef = 9D2A262D1E4337A100EC9838 /* haarcascade_lefteye_2splits.xml */; };
		9D2A263F1E4337A100EC9838 /* haarcascade_licence_plate_rus_16stages.xml in Resources */ = {isa = PBXBuildFile; fileRef = 9D2A262E1E4337A100EC9838 /* haarcascade_licence_plate_rus_16stages.xml */; };
		9D2A26401E4337A100EC9838 /* haarcascade_lowerbody.xml in Resources */ = {isa = PBXBuildFile; fileRef = 9D2A262F1E4337A100EC9838 /* haarcascade_lowerbody.xml */; };
		9D2A26411E4337A100EC9838 /* haarcascade_profileface.xml in Resources */ = {isa = PBXBuildFile; fileRef = 9D2A26301E4337A100EC9838 /* haarcascade_profileface.xml */; };
		9D2A26421E4337A100EC9838 /* haarcascade_righteye_2splits.xml in Resources */ = {isa = PBXBuildFile; fileRef = 9D2A26311E4337A100EC9838 /* haarcascade_righteye_2splits.xml */; };
		9D2A26431E4337A100EC9838 /* haarcascade_russian_plate_number.xml in Resources */ = {isa = PBXBuildFile; fileRef = 9D2A26321E4337A100EC9838 /* haarcascade_russian_plate_number.xml */; };
		9D2A26441E4337A100EC9838 /* haarcascade_smile.xml in Resources */ = {isa = PBXBuildFile; fileRef = 9D2A26331E4337A100EC9838 /* haarcascade_smile.xml */; };
		9D2A26451E4337A100EC9838 /* haarcascade_upperbody.xml in Resources */ = {isa = PBXBuildFile; fileRef = 9D2A26341E4337A100EC9838 /* haarcascade_upperbody.xml */; };
		9DEC26A91E41D6FF007B3D60 /* AppDelegate.m in Sources */ = {isa = PBXBuildFile; fileRef = 9DEC26A81E41D6FF007B3D60 /* AppDelegate.m */; };
		9DEC26AC1E41D6FF007B3D60 /* main.m in Sources */ = {isa = PBXBuildFile; fileRef = 9DEC26AB1E41D6FF007B3D60 /* main.m */; };
		9DEC26AF1E41D6FF007B3D60 /* ViewController.mm in Sources */ = {isa = PBXBuildFile; fileRef = 9DEC26AE1E41D6FF007B3D60 /* ViewController.mm */; };
		9DEC26B11E41D6FF007B3D60 /* Assets.xcassets in Resources */ = {isa = PBXBuildFile; fileRef = 9DEC26B01E41D6FF007B3D60 /* Assets.xcassets */; };
		9DEC26B41E41D6FF007B3D60 /* Main.storyboard in Resources */ = {isa = PBXBuildFile; fileRef = 9DEC26B21E41D6FF007B3D60 /* Main.storyboard */; };
/* End PBXBuildFile section */

/* Begin PBXFileReference section */
		9D2A26241E4337A100EC9838 /* haarcascade_eye.xml */ = {isa = PBXFileReference; fileEncoding = 4; lastKnownFileType = text.xml; path = haarcascade_eye.xml; sourceTree = "<group>"; };
		9D2A26251E4337A100EC9838 /* haarcascade_eye_tree_eyeglasses.xml */ = {isa = PBXFileReference; fileEncoding = 4; lastKnownFileType = text.xml; path = haarcascade_eye_tree_eyeglasses.xml; sourceTree = "<group>"; };
		9D2A26261E4337A100EC9838 /* haarcascade_frontalcatface.xml */ = {isa = PBXFileReference; fileEncoding = 4; lastKnownFileType = text.xml; path = haarcascade_frontalcatface.xml; sourceTree = "<group>"; };
		9D2A26271E4337A100EC9838 /* haarcascade_frontalcatface_extended.xml */ = {isa = PBXFileReference; fileEncoding = 4; lastKnownFileType = text.xml; path = haarcascade_frontalcatface_extended.xml; sourceTree = "<group>"; };
		9D2A26281E4337A100EC9838 /* haarcascade_frontalface_alt.xml */ = {isa = PBXFileReference; fileEncoding = 4; lastKnownFileType = text.xml; path = haarcascade_frontalface_alt.xml; sourceTree = "<group>"; };
		9D2A26291E4337A100EC9838 /* haarcascade_frontalface_alt2.xml */ = {isa = PBXFileReference; fileEncoding = 4; lastKnownFileType = text.xml; path = haarcascade_frontalface_alt2.xml; sourceTree = "<group>"; };
		9D2A262A1E4337A100EC9838 /* haarcascade_frontalface_alt_tree.xml */ = {isa = PBXFileReference; fileEncoding = 4; lastKnownFileType = text.xml; path = haarcascade_frontalface_alt_tree.xml; sourceTree = "<group>"; };
		9D2A262B1E4337A100EC9838 /* haarcascade_frontalface_default.xml */ = {isa = PBXFileReference; fileEncoding = 4; lastKnownFileType = text.xml; path = haarcascade_frontalface_default.xml; sourceTree = "<group>"; };
		9D2A262C1E4337A100EC9838 /* haarcascade_fullbody.xml */ = {isa = PBXFileReference; fileEncoding = 4; lastKnownFileType = text.xml; path = haarcascade_fullbody.xml; sourceTree = "<group>"; };
		9D2A262D1E4337A100EC9838 /* haarcascade_lefteye_2splits.xml */ = {isa = PBXFileReference; fileEncoding = 4; lastKnownFileType = text.xml; path = haarcascade_lefteye_2splits.xml; sourceTree = "<group>"; };
		9D2A262E1E4337A100EC9838 /* haarcascade_licence_plate_rus_16stages.xml */ = {isa = PBXFileReference; fileEncoding = 4; lastKnownFileType = text.xml; path = haarcascade_licence_plate_rus_16stages.xml; sourceTree = "<group>"; };
		9D2A262F1E4337A100EC9838 /* haarcascade_lowerbody.xml */ = {isa = PBXFileReference; fileEncoding = 4; lastKnownFileType = text.xml; path = haarcascade_lowerbody.xml; sourceTree = "<group>"; };
		9D2A26301E4337A100EC9838 /* haarcascade_profileface.xml */ = {isa = PBXFileReference; fileEncoding = 4; lastKnownFileType = text.xml; path = haarcascade_profileface.xml; sourceTree = "<group>"; };
		9D2A26311E4337A100EC9838 /* haarcascade_righteye_2splits.xml */ = {isa = PBXFileReference; fileEncoding = 4; lastKnownFileType = text.xml; path = haarcascade_righteye_2splits.xml; sourceTree = "<group>"; };
		9D2A26321E4337A100EC9838 /* haarcascade_russian_plate_number.xml */ = {isa = PBXFileReference; fileEncoding = 4; lastKnownFileType = text.xml; path = haarcascade_russian_plate_number.xml; sourceTree = "<group>"; };
		9D2A26331E4337A100EC9838 /* haarcascade_smile.xml */ = {isa = PBXFileReference; fileEncoding = 4; lastKnownFileType = text.xml; path = haarcascade_smile.xml; sourceTree = "<group>"; };
		9D2A26341E4337A100EC9838 /* haarcascade_upperbody.xml */ = {isa = PBXFileReference; fileEncoding = 4; lastKnownFileType = text.xml; path = haarcascade_upperbody.xml; sourceTree = "<group>"; };
		9DEC26A41E41D6FF007B3D60 /* opencv-osx.app */ = {isa = PBXFileReference; explicitFileType = wrapper.application; includeInIndex = 0; path = "opencv-osx.app"; sourceTree = BUILT_PRODUCTS_DIR; };
		9DEC26A71E41D6FF007B3D60 /* AppDelegate.h */ = {isa = PBXFileReference; lastKnownFileType = sourcecode.c.h; path = AppDelegate.h; sourceTree = "<group>"; };
		9DEC26A81E41D6FF007B3D60 /* AppDelegate.m */ = {isa = PBXFileReference; lastKnownFileType = sourcecode.c.objc; path = AppDelegate.m; sourceTree = "<group>"; };
		9DEC26AB1E41D6FF007B3D60 /* main.m */ = {isa = PBXFileReference; lastKnownFileType = sourcecode.c.objc; path = main.m; sourceTree = "<group>"; };
		9DEC26AD1E41D6FF007B3D60 /* ViewController.h */ = {isa = PBXFileReference; lastKnownFileType = sourcecode.c.h; path = ViewController.h; sourceTree = "<group>"; };
		9DEC26AE1E41D6FF007B3D60 /* ViewController.mm */ = {isa = PBXFileReference; lastKnownFileType = sourcecode.cpp.objcpp; path = ViewController.mm; sourceTree = "<group>"; };
		9DEC26B01E41D6FF007B3D60 /* Assets.xcassets */ = {isa = PBXFileReference; lastKnownFileType = folder.assetcatalog; path = Assets.xcassets; sourceTree = "<group>"; };
		9DEC26B31E41D6FF007B3D60 /* Base */ = {isa = PBXFileReference; lastKnownFileType = file.storyboard; name = Base; path = Base.lproj/Main.storyboard; sourceTree = "<group>"; };
		9DEC26B51E41D6FF007B3D60 /* Info.plist */ = {isa = PBXFileReference; lastKnownFileType = text.plist.xml; path = Info.plist; sourceTree = "<group>"; };
/* End PBXFileReference section */

/* Begin PBXFrameworksBuildPhase section */
		9DEC26A11E41D6FF007B3D60 /* Frameworks */ = {
			isa = PBXFrameworksBuildPhase;
			buildActionMask = 2147483647;
			files = (
			);
			runOnlyForDeploymentPostprocessing = 0;
		};
/* End PBXFrameworksBuildPhase section */

/* Begin PBXGroup section */
		9D2A26231E4337A100EC9838 /* haarcascades */ = {
			isa = PBXGroup;
			children = (
				9D2A26241E4337A100EC9838 /* haarcascade_eye.xml */,
				9D2A26251E4337A100EC9838 /* haarcascade_eye_tree_eyeglasses.xml */,
				9D2A26261E4337A100EC9838 /* haarcascade_frontalcatface.xml */,
				9D2A26271E4337A100EC9838 /* haarcascade_frontalcatface_extended.xml */,
				9D2A26281E4337A100EC9838 /* haarcascade_frontalface_alt.xml */,
				9D2A26291E4337A100EC9838 /* haarcascade_frontalface_alt2.xml */,
				9D2A262A1E4337A100EC9838 /* haarcascade_frontalface_alt_tree.xml */,
				9D2A262B1E4337A100EC9838 /* haarcascade_frontalface_default.xml */,
				9D2A262C1E4337A100EC9838 /* haarcascade_fullbody.xml */,
				9D2A262D1E4337A100EC9838 /* haarcascade_lefteye_2splits.xml */,
				9D2A262E1E4337A100EC9838 /* haarcascade_licence_plate_rus_16stages.xml */,
				9D2A262F1E4337A100EC9838 /* haarcascade_lowerbody.xml */,
				9D2A26301E4337A100EC9838 /* haarcascade_profileface.xml */,
				9D2A26311E4337A100EC9838 /* haarcascade_righteye_2splits.xml */,
				9D2A26321E4337A100EC9838 /* haarcascade_russian_plate_number.xml */,
				9D2A26331E4337A100EC9838 /* haarcascade_smile.xml */,
				9D2A26341E4337A100EC9838 /* haarcascade_upperbody.xml */,
			);
			path = haarcascades;
			sourceTree = "<group>";
		};
		9DEC269B1E41D6FF007B3D60 = {
			isa = PBXGroup;
			children = (
				9DEC26A61E41D6FF007B3D60 /* opencv-osx */,
				9DEC26A51E41D6FF007B3D60 /* Products */,
			);
			sourceTree = "<group>";
		};
		9DEC26A51E41D6FF007B3D60 /* Products */ = {
			isa = PBXGroup;
			children = (
				9DEC26A41E41D6FF007B3D60 /* opencv-osx.app */,
			);
			name = Products;
			sourceTree = "<group>";
		};
		9DEC26A61E41D6FF007B3D60 /* opencv-osx */ = {
			isa = PBXGroup;
			children = (
				9D2A26231E4337A100EC9838 /* haarcascades */,
				9DEC26A71E41D6FF007B3D60 /* AppDelegate.h */,
				9DEC26A81E41D6FF007B3D60 /* AppDelegate.m */,
				9DEC26AD1E41D6FF007B3D60 /* ViewController.h */,
				9DEC26AE1E41D6FF007B3D60 /* ViewController.mm */,
				9DEC26B01E41D6FF007B3D60 /* Assets.xcassets */,
				9DEC26B21E41D6FF007B3D60 /* Main.storyboard */,
				9DEC26B51E41D6FF007B3D60 /* Info.plist */,
				9DEC26AA1E41D6FF007B3D60 /* Supporting Files */,
			);
			path = "opencv-osx";
			sourceTree = "<group>";
		};
		9DEC26AA1E41D6FF007B3D60 /* Supporting Files */ = {
			isa = PBXGroup;
			children = (
				9DEC26AB1E41D6FF007B3D60 /* main.m */,
			);
			name = "Supporting Files";
			sourceTree = "<group>";
		};
/* End PBXGroup section */

/* Begin PBXNativeTarget section */
		9DEC26A31E41D6FF007B3D60 /* opencv-osx */ = {
			isa = PBXNativeTarget;
			buildConfigurationList = 9DEC26B81E41D6FF007B3D60 /* Build configuration list for PBXNativeTarget "opencv-osx" */;
			buildPhases = (
				9DEC26A01E41D6FF007B3D60 /* Sources */,
				9DEC26A11E41D6FF007B3D60 /* Frameworks */,
				9DEC26A21E41D6FF007B3D60 /* Resources */,
			);
			buildRules = (
			);
			dependencies = (
			);
			name = "opencv-osx";
			productName = "opencv-osx";
			productReference = 9DEC26A41E41D6FF007B3D60 /* opencv-osx.app */;
			productType = "com.apple.product-type.application";
		};
/* End PBXNativeTarget section */

/* Begin PBXProject section */
		9DEC269C1E41D6FF007B3D60 /* Project object */ = {
			isa = PBXProject;
			attributes = {
				LastUpgradeCheck = 0820;
				ORGANIZATIONNAME = "Giovanni Murru";
				TargetAttributes = {
					9DEC26A31E41D6FF007B3D60 = {
						CreatedOnToolsVersion = 8.2.1;
						DevelopmentTeam = T7NF5AK38P;
						ProvisioningStyle = Automatic;
					};
				};
			};
			buildConfigurationList = 9DEC269F1E41D6FF007B3D60 /* Build configuration list for PBXProject "opencv-osx" */;
			compatibilityVersion = "Xcode 3.2";
			developmentRegion = English;
			hasScannedForEncodings = 0;
			knownRegions = (
				en,
				Base,
			);
			mainGroup = 9DEC269B1E41D6FF007B3D60;
			productRefGroup = 9DEC26A51E41D6FF007B3D60 /* Products */;
			projectDirPath = "";
			projectRoot = "";
			targets = (
				9DEC26A31E41D6FF007B3D60 /* opencv-osx */,
			);
		};
/* End PBXProject section */

/* Begin PBXResourcesBuildPhase section */
		9DEC26A21E41D6FF007B3D60 /* Resources */ = {
			isa = PBXResourcesBuildPhase;
			buildActionMask = 2147483647;
			files = (
				9D2A26401E4337A100EC9838 /* haarcascade_lowerbody.xml in Resources */,
				9D2A26411E4337A100EC9838 /* haarcascade_profileface.xml in Resources */,
				9D2A263B1E4337A100EC9838 /* haarcascade_frontalface_alt_tree.xml in Resources */,
				9DEC26B11E41D6FF007B3D60 /* Assets.xcassets in Resources */,
				9D2A26431E4337A100EC9838 /* haarcascade_russian_plate_number.xml in Resources */,
				9D2A26351E4337A100EC9838 /* haarcascade_eye.xml in Resources */,
				9D2A263E1E4337A100EC9838 /* haarcascade_lefteye_2splits.xml in Resources */,
				9D2A263F1E4337A100EC9838 /* haarcascade_licence_plate_rus_16stages.xml in Resources */,
				9D2A263A1E4337A100EC9838 /* haarcascade_frontalface_alt2.xml in Resources */,
				9D2A26381E4337A100EC9838 /* haarcascade_frontalcatface_extended.xml in Resources */,
				9D2A26371E4337A100EC9838 /* haarcascade_frontalcatface.xml in Resources */,
				9DEC26B41E41D6FF007B3D60 /* Main.storyboard in Resources */,
				9D2A26391E4337A100EC9838 /* haarcascade_frontalface_alt.xml in Resources */,
				9D2A26451E4337A100EC9838 /* haarcascade_upperbody.xml in Resources */,
				9D2A263D1E4337A100EC9838 /* haarcascade_fullbody.xml in Resources */,
				9D2A263C1E4337A100EC9838 /* haarcascade_frontalface_default.xml in Resources */,
				9D2A26421E4337A100EC9838 /* haarcascade_righteye_2splits.xml in Resources */,
				9D2A26361E4337A100EC9838 /* haarcascade_eye_tree_eyeglasses.xml in Resources */,
				9D2A26441E4337A100EC9838 /* haarcascade_smile.xml in Resources */,
			);
			runOnlyForDeploymentPostprocessing = 0;
		};
/* End PBXResourcesBuildPhase section */

/* Begin PBXSourcesBuildPhase section */
		9DEC26A01E41D6FF007B3D60 /* Sources */ = {
			isa = PBXSourcesBuildPhase;
			buildActionMask = 2147483647;
			files = (
				9DEC26AF1E41D6FF007B3D60 /* ViewController.mm in Sources */,
				9DEC26AC1E41D6FF007B3D60 /* main.m in Sources */,
				9DEC26A91E41D6FF007B3D60 /* AppDelegate.m in Sources */,
			);
			runOnlyForDeploymentPostprocessing = 0;
		};
/* End PBXSourcesBuildPhase section */

/* Begin PBXVariantGroup section */
		9DEC26B21E41D6FF007B3D60 /* Main.storyboard */ = {
			isa = PBXVariantGroup;
			children = (
				9DEC26B31E41D6FF007B3D60 /* Base */,
			);
			name = Main.storyboard;
			sourceTree = "<group>";
		};
/* End PBXVariantGroup section */

/* Begin XCBuildConfiguration section */
		9DEC26B61E41D6FF007B3D60 /* Debug */ = {
			isa = XCBuildConfiguration;
			buildSettings = {
				ALWAYS_SEARCH_USER_PATHS = NO;
				CLANG_ANALYZER_NONNULL = YES;
				CLANG_CXX_LANGUAGE_STANDARD = "gnu++0x";
				CLANG_CXX_LIBRARY = "libc++";
				CLANG_ENABLE_MODULES = YES;
				CLANG_ENABLE_OBJC_ARC = YES;
				CLANG_WARN_BOOL_CONVERSION = YES;
				CLANG_WARN_CONSTANT_CONVERSION = YES;
				CLANG_WARN_DIRECT_OBJC_ISA_USAGE = YES_ERROR;
				CLANG_WARN_DOCUMENTATION_COMMENTS = YES;
				CLANG_WARN_EMPTY_BODY = YES;
				CLANG_WARN_ENUM_CONVERSION = YES;
				CLANG_WARN_INFINITE_RECURSION = YES;
				CLANG_WARN_INT_CONVERSION = YES;
				CLANG_WARN_OBJC_ROOT_CLASS = YES_ERROR;
				CLANG_WARN_SUSPICIOUS_MOVE = YES;
				CLANG_WARN_UNREACHABLE_CODE = YES;
				CLANG_WARN__DUPLICATE_METHOD_MATCH = YES;
				CODE_SIGN_IDENTITY = "-";
				COPY_PHASE_STRIP = NO;
				DEBUG_INFORMATION_FORMAT = dwarf;
				ENABLE_STRICT_OBJC_MSGSEND = YES;
				ENABLE_TESTABILITY = YES;
				GCC_C_LANGUAGE_STANDARD = gnu99;
				GCC_DYNAMIC_NO_PIC = NO;
				GCC_NO_COMMON_BLOCKS = YES;
				GCC_OPTIMIZATION_LEVEL = 0;
				GCC_PREPROCESSOR_DEFINITIONS = (
					"DEBUG=1",
					"$(inherited)",
				);
				GCC_WARN_64_TO_32_BIT_CONVERSION = YES;
				GCC_WARN_ABOUT_RETURN_TYPE = YES_ERROR;
				GCC_WARN_UNDECLARED_SELECTOR = YES;
				GCC_WARN_UNINITIALIZED_AUTOS = YES_AGGRESSIVE;
				GCC_WARN_UNUSED_FUNCTION = YES;
				GCC_WARN_UNUSED_VARIABLE = YES;
				MACOSX_DEPLOYMENT_TARGET = 10.12;
				MTL_ENABLE_DEBUG_INFO = YES;
				ONLY_ACTIVE_ARCH = YES;
				SDKROOT = macosx;
			};
			name = Debug;
		};
		9DEC26B71E41D6FF007B3D60 /* Release */ = {
			isa = XCBuildConfiguration;
			buildSettings = {
				ALWAYS_SEARCH_USER_PATHS = NO;
				CLANG_ANALYZER_NONNULL = YES;
				CLANG_CXX_LANGUAGE_STANDARD = "gnu++0x";
				CLANG_CXX_LIBRARY = "libc++";
				CLANG_ENABLE_MODULES = YES;
				CLANG_ENABLE_OBJC_ARC = YES;
				CLANG_WARN_BOOL_CONVERSION = YES;
				CLANG_WARN_CONSTANT_CONVERSION = YES;
				CLANG_WARN_DIRECT_OBJC_ISA_USAGE = YES_ERROR;
				CLANG_WARN_DOCUMENTATION_COMMENTS = YES;
				CLANG_WARN_EMPTY_BODY = YES;
				CLANG_WARN_ENUM_CONVERSION = YES;
				CLANG_WARN_INFINITE_RECURSION = YES;
				CLANG_WARN_INT_CONVERSION = YES;
				CLANG_WARN_OBJC_ROOT_CLASS = YES_ERROR;
				CLANG_WARN_SUSPICIOUS_MOVE = YES;
				CLANG_WARN_UNREACHABLE_CODE = YES;
				CLANG_WARN__DUPLICATE_METHOD_MATCH = YES;
				CODE_SIGN_IDENTITY = "-";
				COPY_PHASE_STRIP = NO;
				DEBUG_INFORMATION_FORMAT = "dwarf-with-dsym";
				ENABLE_NS_ASSERTIONS = NO;
				ENABLE_STRICT_OBJC_MSGSEND = YES;
				GCC_C_LANGUAGE_STANDARD = gnu99;
				GCC_NO_COMMON_BLOCKS = YES;
				GCC_WARN_64_TO_32_BIT_CONVERSION = YES;
				GCC_WARN_ABOUT_RETURN_TYPE = YES_ERROR;
				GCC_WARN_UNDECLARED_SELECTOR = YES;
				GCC_WARN_UNINITIALIZED_AUTOS = YES_AGGRESSIVE;
				GCC_WARN_UNUSED_FUNCTION = YES;
				GCC_WARN_UNUSED_VARIABLE = YES;
				MACOSX_DEPLOYMENT_TARGET = 10.12;
				MTL_ENABLE_DEBUG_INFO = NO;
				SDKROOT = macosx;
			};
			name = Release;
		};
		9DEC26B91E41D6FF007B3D60 /* Debug */ = {
			isa = XCBuildConfiguration;
			buildSettings = {
				ASSETCATALOG_COMPILER_APPICON_NAME = AppIcon;
				CLANG_CXX_LANGUAGE_STANDARD = "gnu++0x";
				CLANG_CXX_LIBRARY = "libc++";
				COMBINE_HIDPI_IMAGES = YES;
				DEVELOPMENT_TEAM = T7NF5AK38P;
				FRAMEWORK_SEARCH_PATHS = (
					"$(inherited)",
					"$(PROJECT_DIR)/opencv-osx",
				);
				HEADER_SEARCH_PATHS = /usr/local/include;
				INFOPLIST_FILE = "opencv-osx/Info.plist";
				LD_RUNPATH_SEARCH_PATHS = "$(inherited) @executable_path/../Frameworks";
				LIBRARY_SEARCH_PATHS = /usr/local/lib;
				OTHER_LDFLAGS = (
					"-lopencv_core",
					"-lopencv_calib3d",
					"-lopencv_contrib",
					"-lopencv_flann",
					"-lopencv_features2d",
					"-lopencv_gpu",
					"-lopencv_highgui",
					"-lopencv_imgproc",
					"-lopencv_legacy",
					"-lopencv_ocl",
					"-lopencv_objdetect",
					"-lopencv_nonfree",
					"-lopencv_video",
					"-lopencv_ts",
					"-lopencv_superres",
					"-lopencv_stitching",
					"-lopencv_photo",
					"-lopencv_ml",
					"-lopencv_videostab",
				);
				PRODUCT_BUNDLE_IDENTIFIER = "com.gmurru.opencv-osx";
				PRODUCT_NAME = "$(TARGET_NAME)";
			};
			name = Debug;
		};
		9DEC26BA1E41D6FF007B3D60 /* Release */ = {
			isa = XCBuildConfiguration;
			buildSettings = {
				ASSETCATALOG_COMPILER_APPICON_NAME = AppIcon;
				CLANG_CXX_LANGUAGE_STANDARD = "gnu++0x";
				CLANG_CXX_LIBRARY = "libc++";
				COMBINE_HIDPI_IMAGES = YES;
				DEVELOPMENT_TEAM = T7NF5AK38P;
				FRAMEWORK_SEARCH_PATHS = (
					"$(inherited)",
					"$(PROJECT_DIR)/opencv-osx",
				);
				HEADER_SEARCH_PATHS = /usr/local/include;
				INFOPLIST_FILE = "opencv-osx/Info.plist";
				LD_RUNPATH_SEARCH_PATHS = "$(inherited) @executable_path/../Frameworks";
				LIBRARY_SEARCH_PATHS = /usr/local/lib;
				OTHER_LDFLAGS = (
					"-lopencv_core",
					"-lopencv_calib3d",
					"-lopencv_contrib",
					"-lopencv_flann",
					"-lopencv_features2d",
					"-lopencv_gpu",
					"-lopencv_highgui",
					"-lopencv_imgproc",
					"-lopencv_legacy",
					"-lopencv_ocl",
					"-lopencv_objdetect",
					"-lopencv_nonfree",
					"-lopencv_video",
					"-lopencv_ts",
					"-lopencv_superres",
					"-lopencv_stitching",
					"-lopencv_photo",
					"-lopencv_ml",
					"-lopencv_videostab",
				);
				PRODUCT_BUNDLE_IDENTIFIER = "com.gmurru.opencv-osx";
				PRODUCT_NAME = "$(TARGET_NAME)";
			};
			name = Release;
		};
/* End XCBuildConfiguration section */

/* Begin XCConfigurationList section */
		9DEC269F1E41D6FF007B3D60 /* Build configuration list for PBXProject "opencv-osx" */ = {
			isa = XCConfigurationList;
			buildConfigurations = (
				9DEC26B61E41D6FF007B3D60 /* Debug */,
				9DEC26B71E41D6FF007B3D60 /* Release */,
			);
			defaultConfigurationIsVisible = 0;
			defaultConfigurationName = Release;
		};
		9DEC26B81E41D6FF007B3D60 /* Build configuration list for PBXNativeTarget "opencv-osx" */ = {
			isa = XCConfigurationList;
			buildConfigurations = (
				9DEC26B91E41D6FF007B3D60 /* Debug */,
				9DEC26BA1E41D6FF007B3D60 /* Release */,
			);
			defaultConfigurationIsVisible = 0;
			defaultConfigurationName = Release;
		};
/* End XCConfigurationList section */
	};
	rootObject = 9DEC269C1E41D6FF007B3D60 /* Project object */;
}
